# tools.lock --- pinned toolchains and binary dependencies for PrismPM

[support]
# Native archives and the OCI SDK are release-gated on both architectures.
hosts = ["aarch64-unknown-linux-gnu", "x86_64-unknown-linux-gnu"]

[rust]
version = "1.97.1"
profile = "minimal"
components = ["rustfmt", "clippy", "rust-analyzer"]

[rustup]
version = "1.28.2"
platform = "x86_64-unknown-linux-gnu"
url = "https://static.rust-lang.org/rustup/archive/1.28.2/x86_64-unknown-linux-gnu/rustup-init"
sha256 = "20a06e644b0d9bd2fbdbfd52d42540bdde820ea7df86e92e533c073da0cdd43c"

[lean]
version = "v4.32.1"
release = "leanprover/lean4:v4.32.1"
commit = "f054605aea4b840552cca2e725580bffd1e1b704"

[elan]
version = "4.2.3"
platform = "x86_64-unknown-linux-gnu"
url = "https://github.com/leanprover/elan/releases/download/v4.2.3/elan-x86_64-unknown-linux-gnu.tar.gz"
sha256 = "df0b2b3a439961ffcbb3985214365ffe40f49bc871df04dff268c7d8e21ca8b2"

[just]
version = "1.57.0"
platform = "x86_64-unknown-linux-musl"
url = "https://github.com/casey/just/releases/download/1.57.0/just-1.57.0-x86_64-unknown-linux-musl.tar.gz"
sha256 = "45b548094283cb9739af8f13273b8cddeee869f5b4ef2bb631b1f311cb566155"

[cargo-deny]
version = "0.20.2"
platform = "x86_64-unknown-linux-musl"
url = "https://github.com/EmbarkStudios/cargo-deny/releases/download/0.20.2/cargo-deny-0.20.2-x86_64-unknown-linux-musl.tar.gz"
sha256 = "9f12ed4c49936e09b48bf862b595cde2fe64fcbd9d74dfacac6131ca824c8d5f"

[verification-executables]
elan_proxy_sha256 = "840179e70803ef373c2ec53342d6a45ea7d022533e4145489fc1278b4f716385"
rustup_proxy_sha256 = "20a06e644b0d9bd2fbdbfd52d42540bdde820ea7df86e92e533c073da0cdd43c"
timeout_sha256 = "5ef0eaaaa4220593add7716aad74da927ca3bb10605e964330de64fecc3ef15e"
timeout_package = "coreutils=9.1-1"

[bootstrap-sdk]
version = "0.2.0"
source_commit = "f378fd3a8dc5711cb4b22cec9ee2f874353628c3"
tag_object = "a9a36e4695b59230b4e1805335e57e53c436dc86"
url = "https://github.com/UOR-Foundation/PrismPM/releases/download/v0.2.0/prismpm-0.2.0-x86_64-unknown-linux-gnu.tar.gz"
sha256 = "f3dd999f5618db154fa06222a06f9de95d86e1dbf683954426ea91c974cbe24c"

[sdk-bases]
docker_cli = "docker.io/library/docker:28.4.0-cli@sha256:6a73c9433f2ba4279815be1e60f5739288b939dda1e48151d8c393537802de37"
golang_oracle_builder = "docker.io/library/golang:1.19.7-alpine3.17@sha256:04065e607052705ede1ac6308ce56aec4715b0fafb1f0c2f4c2333aab9d84442"
golang_cloudevents_builder = "docker.io/library/golang:1.23.8-alpine3.21@sha256:b7486658b87d34ecf95125e5b97e8dfe86c21f712aa36fc0c702e5dc41dc63e1"
rust_builder = "docker.io/library/rust:1.97.1-bookworm@sha256:0e2bcaef56d041a486784e54104a81aebe0da44bd03019bd70bc0401e42e4a97"
runtime = "mcr.microsoft.com/playwright:v1.62.1-noble@sha256:dcc5531e97840b9b5e794f2814476b21571c5124a3fca2267d73041f56e7580e"
devcontainer = "docker.io/library/debian:bookworm-slim@sha256:88200866dfff7ea7f5cbcb6ec7c8a701889efe6fe859fe64d6990e4b07ea4171"

[sdk-downloads.amd64]
elan = "df0b2b3a439961ffcbb3985214365ffe40f49bc871df04dff268c7d8e21ca8b2"
node = "d60acfe00a2932254bb0ad20e01b0d74397a0875595de719654b214f4b03f307"
just = "45b548094283cb9739af8f13273b8cddeee869f5b4ef2bb631b1f311cb566155"
cargo_deny = "9f12ed4c49936e09b48bf862b595cde2fe64fcbd9d74dfacac6131ca824c8d5f"
oras = "6cdc692f929100feb08aa8de584d02f7bcc30ec7d88bc2adc2054d782db57c64"
kind = "eb244cbafcc157dff60cf68693c14c9a75c4e6e6fedaf9cd71c58117cb93e3fa"
kubectl = "8b8f088da2dab964f853b38464033b1be15ede2839eca751482357c45abdd05a"
cosign = "4629c757b7618056f8ddd7e2625ae9fdd94c0372a65049520bc7d9df9efc7f71"
compose = "837fd1d35bf6a494f41b5b5988269a7be79de337cf1a1a6ff0e45ab51bb4e9be"
slsa_verifier = "946dbec729094195e88ef78e1734324a27869f03e2c6bd2f61cbc06bd5350339"
otelcol_contrib = "e642146998b9559929c34f5b85525e27ca6430585e2951fa88a403ff5ebf9f47"
osv_scanner = "15314940c10d26af9c6649f150b8a47c1262e8fc7e17b1d1029b0e479e8ed8a0"

[sdk-downloads.arm64]
elan = "cb69af0803b04157bc30201c29c12fca882bb3ad8b43476b8d2d3064810bc3ac"
node = "fff4078c5def658577f92c88db7db3bc0072924bfb93fe52c1e744a54e94abb8"
just = "f225044a81adea6e0b3a8b9370aaf374e6af76c8735ae263ac993df55fd137ec"
cargo_deny = "995c82be0defc7a025cae49a2aa2644ce8245c9a3318fc4103907c6a285e8c7d"
oras = "7649738b48fde10542bcc8b0e9b460ba83936c75fb5be01ee6d4443764a14352"
kind = "8e1014e87c34901cc422a1445866835d1e666f2a61301c27e722bdeab5a1f7e4"
kubectl = "0ecf44450ee6063bf19dd166a103ee6df4a9034455c2abce626e6eea657d73fb"
cosign = "c5d324e091826b0d7a78eb16fef316450b4eb9aaec045611c08ba06f5e73220a"
compose = "fc5d1371f1ec7987e703da94ede49af3fbfb240b83f22991a98511de7bc4b93b"
slsa_verifier = "5d3b2349ede7bfec19e7a21569f18b9f7410145ad12e9584b175370669e14061"
otelcol_contrib = "f768015766c8ace50caf9130ad0f38e4781f76b9abe4380b26c875108bb51899"
osv_scanner = "44e580752910f0ff36ec99aff59af20f65df1e859aa31e5605a8f0d055b496e9"

[sdk-tools]
node = "22.23.2"
timeout = "coreutils-9.4"
wasm_bindgen_cli = "0.2.122"
wasm_tools = "1.258.0"
wasmtime_cli = "48.0.1"
cargo_local_registry = "0.2.12"
oras = "1.3.0"
kind = "0.31.0"
kubectl = "1.36.4"
cosign = "3.1.3"
compose = "5.4.0"
slsa_verifier = "2.7.1"
otelcol_contrib = "0.136.0"
osv_scanner = "2.4.0"
devcontainer_cli = "0.89.0"
docker_buildx = "0.28.0"
asyncapi_parser = "3.6.3"
asyncapi_official_harness_parser = "3.6.0"

[sdk-runtime-os]
snapshot = "https://snapshot.ubuntu.com/ubuntu/20260901T000000Z/"
build_essential = "12.10ubuntu1"
pkg_config = "1.8.1-2build1"

[runtime-libraries]
amqplib = "0.10.9"
jose = "6.1.0"
pg = "8.16.3"

[target-adapters]
compose = "sha256:0a74dacc5da9c48e582155a2dcc5e830cf71dd054e62c9e6eeb3ccec1e20c255"
github_pages = "sha256:db0425b35e875a36af50fb3a73e491af9badc759b6c290a731d6fd23fd62c119"
kubernetes = "sha256:12021a034cb9b796f1ab6b4431e5cdbd9803e16181f6378ce580e40764b62ff6"
ingress_nginx_kind_manifest = "sha256:2a3ae008c8786431115502644e77ab398fdebfb721a5d1195ed3089cde3299df"
ingress_nginx_controller = "registry.k8s.io/ingress-nginx/controller@sha256:594ceea76b01c592858f803f9ff4d2cb40542cae2060410b2c95f75907d659e1"
ingress_nginx_admission = "registry.k8s.io/ingress-nginx/kube-webhook-certgen@sha256:01038e7de14b78d702d2849c3aad72fd25903c4765af63cf16aa3398f5d5f2dd"

[oracle-images]
oci_distribution_reference = "docker.io/library/registry@sha256:a3d8aaa63ed8681a604f1dea0aa03f100d5895b6a58ace528858a7b332415373"
